// !$*UTF8*$!
{
	archiveVersion = 1;
	classes = {
	};
	objectVersion = 52;
	objects = {

/* Begin PBXBuildFile section */
		55719FA525E6FC1A00390E25 /* GoogleService-Info.plist in Resources */ = {isa = PBXBuildFile; fileRef = 55719FA425E6FC1A00390E25 /* GoogleService-Info.plist */; };
		55719FA625E6FC1A00390E25 /* GoogleService-Info.plist in Resources */ = {isa = PBXBuildFile; fileRef = 55719FA425E6FC1A00390E25 /* GoogleService-Info.plist */; };
		55719FA725E6FC1A00390E25 /* GoogleService-Info.plist in Resources */ = {isa = PBXBuildFile; fileRef = 55719FA425E6FC1A00390E25 /* GoogleService-Info.plist */; };
		55719FB225E70A9B00390E25 /* MainViewController.swift in Sources */ = {isa = PBXBuildFile; fileRef = 55719FB125E70A9B00390E25 /* MainViewController.swift */; };
		55719FB325E70A9B00390E25 /* MainViewController.swift in Sources */ = {isa = PBXBuildFile; fileRef = 55719FB125E70A9B00390E25 /* MainViewController.swift */; };
		55719FB425E70A9B00390E25 /* MainViewController.swift in Sources */ = {isa = PBXBuildFile; fileRef = 55719FB125E70A9B00390E25 /* MainViewController.swift */; };
		55719FBA25E7F20200390E25 /* MapKit.framework in Frameworks */ = {isa = PBXBuildFile; fileRef = 55719FB925E7F20200390E25 /* MapKit.framework */; };
		55719FC525E810F500390E25 /* Pin.swift in Sources */ = {isa = PBXBuildFile; fileRef = 55719FC425E810F500390E25 /* Pin.swift */; };
		55719FC625E810F500390E25 /* Pin.swift in Sources */ = {isa = PBXBuildFile; fileRef = 55719FC425E810F500390E25 /* Pin.swift */; };
		55719FC725E810F500390E25 /* Pin.swift in Sources */ = {isa = PBXBuildFile; fileRef = 55719FC425E810F500390E25 /* Pin.swift */; };
		55719FCF25E8334700390E25 /* PictureViewController.swift in Sources */ = {isa = PBXBuildFile; fileRef = 55719FCE25E8334700390E25 /* PictureViewController.swift */; };
		55719FD325E8334A00390E25 /* PictureViewController.swift in Sources */ = {isa = PBXBuildFile; fileRef = 55719FCE25E8334700390E25 /* PictureViewController.swift */; };
		55719FD425E8334A00390E25 /* PictureViewController.swift in Sources */ = {isa = PBXBuildFile; fileRef = 55719FCE25E8334700390E25 /* PictureViewController.swift */; };
		D272DD1725FF460D007FED1D /* SettingsChangeViewController.swift in Sources */ = {isa = PBXBuildFile; fileRef = D272DD1625FF460D007FED1D /* SettingsChangeViewController.swift */; };
		D27CBD1325DDC7C800BE02E9 /* AppDelegate.swift in Sources */ = {isa = PBXBuildFile; fileRef = D27CBD1225DDC7C800BE02E9 /* AppDelegate.swift */; };
		D27CBD1525DDC7C800BE02E9 /* SceneDelegate.swift in Sources */ = {isa = PBXBuildFile; fileRef = D27CBD1425DDC7C800BE02E9 /* SceneDelegate.swift */; };
		D27CBD1725DDC7C800BE02E9 /* LoginViewController.swift in Sources */ = {isa = PBXBuildFile; fileRef = D27CBD1625DDC7C800BE02E9 /* LoginViewController.swift */; };
		D27CBD1A25DDC7C900BE02E9 /* Auth.storyboard in Resources */ = {isa = PBXBuildFile; fileRef = D27CBD1825DDC7C900BE02E9 /* Auth.storyboard */; };
		D27CBD1D25DDC7C900BE02E9 /* GeoPic.xcdatamodeld in Sources */ = {isa = PBXBuildFile; fileRef = D27CBD1B25DDC7C900BE02E9 /* GeoPic.xcdatamodeld */; };
		D27CBD1F25DDC7CA00BE02E9 /* Assets.xcassets in Resources */ = {isa = PBXBuildFile; fileRef = D27CBD1E25DDC7CA00BE02E9 /* Assets.xcassets */; };
		D27CBD2225DDC7CA00BE02E9 /* LaunchScreen.storyboard in Resources */ = {isa = PBXBuildFile; fileRef = D27CBD2025DDC7CA00BE02E9 /* LaunchScreen.storyboard */; };
		D27CBD2D25DDC7CB00BE02E9 /* GeoPicTests.swift in Sources */ = {isa = PBXBuildFile; fileRef = D27CBD2C25DDC7CB00BE02E9 /* GeoPicTests.swift */; };
		D27CBD3825DDC7CB00BE02E9 /* GeoPicUITests.swift in Sources */ = {isa = PBXBuildFile; fileRef = D27CBD3725DDC7CB00BE02E9 /* GeoPicUITests.swift */; };
		D27CBD5625DDCA3D00BE02E9 /* FirebaseStorage in Frameworks */ = {isa = PBXBuildFile; productRef = D27CBD5525DDCA3D00BE02E9 /* FirebaseStorage */; };
		D27CBD5825DDCA3D00BE02E9 /* FirebaseAuth in Frameworks */ = {isa = PBXBuildFile; productRef = D27CBD5725DDCA3D00BE02E9 /* FirebaseAuth */; };
		D27CBD5A25DDCA3D00BE02E9 /* FirebaseFirestore in Frameworks */ = {isa = PBXBuildFile; productRef = D27CBD5925DDCA3D00BE02E9 /* FirebaseFirestore */; };
		D27CBD5C25DDCA3D00BE02E9 /* FirebaseDatabase in Frameworks */ = {isa = PBXBuildFile; productRef = D27CBD5B25DDCA3D00BE02E9 /* FirebaseDatabase */; };
		D27CBD6425DDD38B00BE02E9 /* README.md in Resources */ = {isa = PBXBuildFile; fileRef = D27CBD6325DDD38B00BE02E9 /* README.md */; };
		D2839DF725E8DEF300F737F3 /* KeychainSwift in Frameworks */ = {isa = PBXBuildFile; productRef = D2839DF625E8DEF300F737F3 /* KeychainSwift */; };
		D287919325EF94A600994863 /* Main.storyboard in Resources */ = {isa = PBXBuildFile; fileRef = D287919125EF94A600994863 /* Main.storyboard */; };
		D28791AB25F006A500994863 /* Settings.storyboard in Resources */ = {isa = PBXBuildFile; fileRef = D28791A925F006A400994863 /* Settings.storyboard */; };
		D28791B025F006AE00994863 /* SettingsTableViewCell.xib in Resources */ = {isa = PBXBuildFile; fileRef = D28791AF25F006AE00994863 /* SettingsTableViewCell.xib */; };
		D28791C225F0074300994863 /* SettingsViewController.swift in Sources */ = {isa = PBXBuildFile; fileRef = D28791C025F0074300994863 /* SettingsViewController.swift */; };
		D28791C325F0074300994863 /* SettingsTableViewCell.swift in Sources */ = {isa = PBXBuildFile; fileRef = D28791C125F0074300994863 /* SettingsTableViewCell.swift */; };
		D2B2E55925FD83DF00119C03 /* AuthenticationDelegate.swift in Sources */ = {isa = PBXBuildFile; fileRef = D2B2E55825FD83DF00119C03 /* AuthenticationDelegate.swift */; };
		D2BAB0B325E411D100449978 /* CreateAccountViewController.swift in Sources */ = {isa = PBXBuildFile; fileRef = D2BAB0B225E411D100449978 /* CreateAccountViewController.swift */; };
		D2BAB0B925E4148400449978 /* IQKeyboardManagerSwift in Frameworks */ = {isa = PBXBuildFile; productRef = D2BAB0B825E4148400449978 /* IQKeyboardManagerSwift */; };
		D2BAB0C425E4188A00449978 /* Constants.swift in Sources */ = {isa = PBXBuildFile; fileRef = D2BAB0C325E4188A00449978 /* Constants.swift */; };
/* End PBXBuildFile section */

/* Begin PBXContainerItemProxy section */
		D27CBD2925DDC7CB00BE02E9 /* PBXContainerItemProxy */ = {
			isa = PBXContainerItemProxy;
			containerPortal = D27CBD0725DDC7C800BE02E9 /* Project object */;
			proxyType = 1;
			remoteGlobalIDString = D27CBD0E25DDC7C800BE02E9;
			remoteInfo = GeoPic;
		};
		D27CBD3425DDC7CB00BE02E9 /* PBXContainerItemProxy */ = {
			isa = PBXContainerItemProxy;
			containerPortal = D27CBD0725DDC7C800BE02E9 /* Project object */;
			proxyType = 1;
			remoteGlobalIDString = D27CBD0E25DDC7C800BE02E9;
			remoteInfo = GeoPic;
		};
/* End PBXContainerItemProxy section */

/* Begin PBXFileReference section */
		55719FA425E6FC1A00390E25 /* GoogleService-Info.plist */ = {isa = PBXFileReference; fileEncoding = 4; lastKnownFileType = text.plist.xml; path = "GoogleService-Info.plist"; sourceTree = "<group>"; };
		55719FB125E70A9B00390E25 /* MainViewController.swift */ = {isa = PBXFileReference; lastKnownFileType = sourcecode.swift; path = MainViewController.swift; sourceTree = "<group>"; };
		55719FB925E7F20200390E25 /* MapKit.framework */ = {isa = PBXFileReference; lastKnownFileType = wrapper.framework; name = MapKit.framework; path = System/Library/Frameworks/MapKit.framework; sourceTree = SDKROOT; };
		55719FC425E810F500390E25 /* Pin.swift */ = {isa = PBXFileReference; lastKnownFileType = sourcecode.swift; path = Pin.swift; sourceTree = "<group>"; };
		55719FCE25E8334700390E25 /* PictureViewController.swift */ = {isa = PBXFileReference; lastKnownFileType = sourcecode.swift; name = PictureViewController.swift; path = GeoPic/Controllers/PictureViewController.swift; sourceTree = SOURCE_ROOT; };
		D272DD1625FF460D007FED1D /* SettingsChangeViewController.swift */ = {isa = PBXFileReference; lastKnownFileType = sourcecode.swift; path = SettingsChangeViewController.swift; sourceTree = "<group>"; };
		D27CBD0F25DDC7C800BE02E9 /* GeoPic.app */ = {isa = PBXFileReference; explicitFileType = wrapper.application; includeInIndex = 0; path = GeoPic.app; sourceTree = BUILT_PRODUCTS_DIR; };
		D27CBD1225DDC7C800BE02E9 /* AppDelegate.swift */ = {isa = PBXFileReference; lastKnownFileType = sourcecode.swift; path = AppDelegate.swift; sourceTree = "<group>"; };
		D27CBD1425DDC7C800BE02E9 /* SceneDelegate.swift */ = {isa = PBXFileReference; lastKnownFileType = sourcecode.swift; path = SceneDelegate.swift; sourceTree = "<group>"; };
		D27CBD1625DDC7C800BE02E9 /* LoginViewController.swift */ = {isa = PBXFileReference; lastKnownFileType = sourcecode.swift; path = LoginViewController.swift; sourceTree = "<group>"; };
		D27CBD1925DDC7C900BE02E9 /* Base */ = {isa = PBXFileReference; lastKnownFileType = file.storyboard; name = Base; path = Base.lproj/Auth.storyboard; sourceTree = "<group>"; };
		D27CBD1C25DDC7C900BE02E9 /* GeoPic.xcdatamodel */ = {isa = PBXFileReference; lastKnownFileType = wrapper.xcdatamodel; path = GeoPic.xcdatamodel; sourceTree = "<group>"; };
		D27CBD1E25DDC7CA00BE02E9 /* Assets.xcassets */ = {isa = PBXFileReference; lastKnownFileType = folder.assetcatalog; path = Assets.xcassets; sourceTree = "<group>"; };
		D27CBD2125DDC7CA00BE02E9 /* Base */ = {isa = PBXFileReference; lastKnownFileType = file.storyboard; name = Base; path = Base.lproj/LaunchScreen.storyboard; sourceTree = "<group>"; };
		D27CBD2325DDC7CA00BE02E9 /* Info.plist */ = {isa = PBXFileReference; lastKnownFileType = text.plist.xml; path = Info.plist; sourceTree = "<group>"; };
		D27CBD2825DDC7CB00BE02E9 /* GeoPicTests.xctest */ = {isa = PBXFileReference; explicitFileType = wrapper.cfbundle; includeInIndex = 0; path = GeoPicTests.xctest; sourceTree = BUILT_PRODUCTS_DIR; };
		D27CBD2C25DDC7CB00BE02E9 /* GeoPicTests.swift */ = {isa = PBXFileReference; lastKnownFileType = sourcecode.swift; path = GeoPicTests.swift; sourceTree = "<group>"; };
		D27CBD2E25DDC7CB00BE02E9 /* Info.plist */ = {isa = PBXFileReference; lastKnownFileType = text.plist.xml; path = Info.plist; sourceTree = "<group>"; };
		D27CBD3325DDC7CB00BE02E9 /* GeoPicUITests.xctest */ = {isa = PBXFileReference; explicitFileType = wrapper.cfbundle; includeInIndex = 0; path = GeoPicUITests.xctest; sourceTree = BUILT_PRODUCTS_DIR; };
		D27CBD3725DDC7CB00BE02E9 /* GeoPicUITests.swift */ = {isa = PBXFileReference; lastKnownFileType = sourcecode.swift; path = GeoPicUITests.swift; sourceTree = "<group>"; };
		D27CBD3925DDC7CB00BE02E9 /* Info.plist */ = {isa = PBXFileReference; lastKnownFileType = text.plist.xml; path = Info.plist; sourceTree = "<group>"; };
		D27CBD6325DDD38B00BE02E9 /* README.md */ = {isa = PBXFileReference; fileEncoding = 4; lastKnownFileType = net.daringfireball.markdown; name = README.md; path = ../README.md; sourceTree = "<group>"; };
		D287919225EF94A600994863 /* Base */ = {isa = PBXFileReference; lastKnownFileType = file.storyboard; name = Base; path = Base.lproj/Main.storyboard; sourceTree = "<group>"; };
		D28791AA25F006A400994863 /* Base */ = {isa = PBXFileReference; lastKnownFileType = file.storyboard; name = Base; path = Base.lproj/Settings.storyboard; sourceTree = "<group>"; };
		D28791AF25F006AE00994863 /* SettingsTableViewCell.xib */ = {isa = PBXFileReference; fileEncoding = 4; lastKnownFileType = file.xib; path = SettingsTableViewCell.xib; sourceTree = "<group>"; };
		D28791C025F0074300994863 /* SettingsViewController.swift */ = {isa = PBXFileReference; fileEncoding = 4; lastKnownFileType = sourcecode.swift; path = SettingsViewController.swift; sourceTree = "<group>"; };
		D28791C125F0074300994863 /* SettingsTableViewCell.swift */ = {isa = PBXFileReference; fileEncoding = 4; lastKnownFileType = sourcecode.swift; path = SettingsTableViewCell.swift; sourceTree = "<group>"; };
		D2B2E55825FD83DF00119C03 /* AuthenticationDelegate.swift */ = {isa = PBXFileReference; lastKnownFileType = sourcecode.swift; path = AuthenticationDelegate.swift; sourceTree = "<group>"; };
		D2BAB0B225E411D100449978 /* CreateAccountViewController.swift */ = {isa = PBXFileReference; lastKnownFileType = sourcecode.swift; path = CreateAccountViewController.swift; sourceTree = "<group>"; };
		D2BAB0C325E4188A00449978 /* Constants.swift */ = {isa = PBXFileReference; lastKnownFileType = sourcecode.swift; path = Constants.swift; sourceTree = "<group>"; };
/* End PBXFileReference section */

/* Begin PBXFrameworksBuildPhase section */
		D27CBD0C25DDC7C800BE02E9 /* Frameworks */ = {
			isa = PBXFrameworksBuildPhase;
			buildActionMask = 2147483647;
			files = (
				D2839DF725E8DEF300F737F3 /* KeychainSwift in Frameworks */,
				D2BAB0B925E4148400449978 /* IQKeyboardManagerSwift in Frameworks */,
				D27CBD5625DDCA3D00BE02E9 /* FirebaseStorage in Frameworks */,
				D27CBD5825DDCA3D00BE02E9 /* FirebaseAuth in Frameworks */,
				55719FBA25E7F20200390E25 /* MapKit.framework in Frameworks */,
				D27CBD5C25DDCA3D00BE02E9 /* FirebaseDatabase in Frameworks */,
				D27CBD5A25DDCA3D00BE02E9 /* FirebaseFirestore in Frameworks */,
			);
			runOnlyForDeploymentPostprocessing = 0;
		};
		D27CBD2525DDC7CB00BE02E9 /* Frameworks */ = {
			isa = PBXFrameworksBuildPhase;
			buildActionMask = 2147483647;
			files = (
			);
			runOnlyForDeploymentPostprocessing = 0;
		};
		D27CBD3025DDC7CB00BE02E9 /* Frameworks */ = {
			isa = PBXFrameworksBuildPhase;
			buildActionMask = 2147483647;
			files = (
			);
			runOnlyForDeploymentPostprocessing = 0;
		};
/* End PBXFrameworksBuildPhase section */

/* Begin PBXGroup section */
		55719FB825E7F20200390E25 /* Frameworks */ = {
			isa = PBXGroup;
			children = (
				55719FB925E7F20200390E25 /* MapKit.framework */,
			);
			name = Frameworks;
			sourceTree = "<group>";
		};
		D27CBD0625DDC7C800BE02E9 = {
			isa = PBXGroup;
			children = (
				55719FA425E6FC1A00390E25 /* GoogleService-Info.plist */,
				D27CBD6325DDD38B00BE02E9 /* README.md */,
				D27CBD1125DDC7C800BE02E9 /* GeoPic */,
				D27CBD2B25DDC7CB00BE02E9 /* GeoPicTests */,
				D27CBD3625DDC7CB00BE02E9 /* GeoPicUITests */,
				D27CBD1025DDC7C800BE02E9 /* Products */,
				55719FB825E7F20200390E25 /* Frameworks */,
			);
			sourceTree = "<group>";
		};
		D27CBD1025DDC7C800BE02E9 /* Products */ = {
			isa = PBXGroup;
			children = (
				D27CBD0F25DDC7C800BE02E9 /* GeoPic.app */,
				D27CBD2825DDC7CB00BE02E9 /* GeoPicTests.xctest */,
				D27CBD3325DDC7CB00BE02E9 /* GeoPicUITests.xctest */,
			);
			name = Products;
			sourceTree = "<group>";
		};
		D27CBD1125DDC7C800BE02E9 /* GeoPic */ = {
			isa = PBXGroup;
			children = (
				D27CBD4B25DDC80300BE02E9 /* Delegates */,
				D27CBD4F25DDC80A00BE02E9 /* Controllers */,
				D27CBD5325DDC81500BE02E9 /* Storyboards */,
				D27CBD1E25DDC7CA00BE02E9 /* Assets.xcassets */,
				D27CBD2325DDC7CA00BE02E9 /* Info.plist */,
				D27CBD1B25DDC7C900BE02E9 /* GeoPic.xcdatamodeld */,
				55719FC425E810F500390E25 /* Pin.swift */,
				D2BAB0C325E4188A00449978 /* Constants.swift */,
			);
			path = GeoPic;
			sourceTree = "<group>";
		};
		D27CBD2B25DDC7CB00BE02E9 /* GeoPicTests */ = {
			isa = PBXGroup;
			children = (
				D27CBD2C25DDC7CB00BE02E9 /* GeoPicTests.swift */,
				D27CBD2E25DDC7CB00BE02E9 /* Info.plist */,
			);
			path = GeoPicTests;
			sourceTree = "<group>";
		};
		D27CBD3625DDC7CB00BE02E9 /* GeoPicUITests */ = {
			isa = PBXGroup;
			children = (
				D27CBD3725DDC7CB00BE02E9 /* GeoPicUITests.swift */,
				D27CBD3925DDC7CB00BE02E9 /* Info.plist */,
			);
			path = GeoPicUITests;
			sourceTree = "<group>";
		};
		D27CBD4B25DDC80300BE02E9 /* Delegates */ = {
			isa = PBXGroup;
			children = (
				D27CBD1225DDC7C800BE02E9 /* AppDelegate.swift */,
				D27CBD1425DDC7C800BE02E9 /* SceneDelegate.swift */,
				D2B2E55825FD83DF00119C03 /* AuthenticationDelegate.swift */,
			);
			path = Delegates;
			sourceTree = "<group>";
		};
		D27CBD4F25DDC80A00BE02E9 /* Controllers */ = {
			isa = PBXGroup;
			children = (
				55719FCE25E8334700390E25 /* PictureViewController.swift */,
				55719FB125E70A9B00390E25 /* MainViewController.swift */,
				D27CBD1625DDC7C800BE02E9 /* LoginViewController.swift */,
				D2BAB0B225E411D100449978 /* CreateAccountViewController.swift */,
				D28791C125F0074300994863 /* SettingsTableViewCell.swift */,
				D28791C025F0074300994863 /* SettingsViewController.swift */,
				D272DD1625FF460D007FED1D /* SettingsChangeViewController.swift */,
			);
			path = Controllers;
			sourceTree = "<group>";
		};
		D27CBD5325DDC81500BE02E9 /* Storyboards */ = {
			isa = PBXGroup;
			children = (
				D287919125EF94A600994863 /* Main.storyboard */,
				D27CBD1825DDC7C900BE02E9 /* Auth.storyboard */,
				D28791AF25F006AE00994863 /* SettingsTableViewCell.xib */,
				D28791A925F006A400994863 /* Settings.storyboard */,
				D27CBD2025DDC7CA00BE02E9 /* LaunchScreen.storyboard */,
			);
			path = Storyboards;
			sourceTree = "<group>";
		};
/* End PBXGroup section */

/* Begin PBXNativeTarget section */
		D27CBD0E25DDC7C800BE02E9 /* GeoPic */ = {
			isa = PBXNativeTarget;
			buildConfigurationList = D27CBD3C25DDC7CB00BE02E9 /* Build configuration list for PBXNativeTarget "GeoPic" */;
			buildPhases = (
				D27CBD0B25DDC7C800BE02E9 /* Sources */,
				D27CBD0C25DDC7C800BE02E9 /* Frameworks */,
				D27CBD0D25DDC7C800BE02E9 /* Resources */,
			);
			buildRules = (
			);
			dependencies = (
			);
			name = GeoPic;
			packageProductDependencies = (
				D27CBD5525DDCA3D00BE02E9 /* FirebaseStorage */,
				D27CBD5725DDCA3D00BE02E9 /* FirebaseAuth */,
				D27CBD5925DDCA3D00BE02E9 /* FirebaseFirestore */,
				D27CBD5B25DDCA3D00BE02E9 /* FirebaseDatabase */,
				D2BAB0B825E4148400449978 /* IQKeyboardManagerSwift */,
				D2839DF625E8DEF300F737F3 /* KeychainSwift */,
			);
			productName = GeoPic;
			productReference = D27CBD0F25DDC7C800BE02E9 /* GeoPic.app */;
			productType = "com.apple.product-type.application";
		};
		D27CBD2725DDC7CB00BE02E9 /* GeoPicTests */ = {
			isa = PBXNativeTarget;
			buildConfigurationList = D27CBD3F25DDC7CB00BE02E9 /* Build configuration list for PBXNativeTarget "GeoPicTests" */;
			buildPhases = (
				D27CBD2425DDC7CB00BE02E9 /* Sources */,
				D27CBD2525DDC7CB00BE02E9 /* Frameworks */,
				D27CBD2625DDC7CB00BE02E9 /* Resources */,
			);
			buildRules = (
			);
			dependencies = (
				D27CBD2A25DDC7CB00BE02E9 /* PBXTargetDependency */,
			);
			name = GeoPicTests;
			productName = GeoPicTests;
			productReference = D27CBD2825DDC7CB00BE02E9 /* GeoPicTests.xctest */;
			productType = "com.apple.product-type.bundle.unit-test";
		};
		D27CBD3225DDC7CB00BE02E9 /* GeoPicUITests */ = {
			isa = PBXNativeTarget;
			buildConfigurationList = D27CBD4225DDC7CB00BE02E9 /* Build configuration list for PBXNativeTarget "GeoPicUITests" */;
			buildPhases = (
				D27CBD2F25DDC7CB00BE02E9 /* Sources */,
				D27CBD3025DDC7CB00BE02E9 /* Frameworks */,
				D27CBD3125DDC7CB00BE02E9 /* Resources */,
			);
			buildRules = (
			);
			dependencies = (
				D27CBD3525DDC7CB00BE02E9 /* PBXTargetDependency */,
			);
			name = GeoPicUITests;
			productName = GeoPicUITests;
			productReference = D27CBD3325DDC7CB00BE02E9 /* GeoPicUITests.xctest */;
			productType = "com.apple.product-type.bundle.ui-testing";
		};
/* End PBXNativeTarget section */

/* Begin PBXProject section */
		D27CBD0725DDC7C800BE02E9 /* Project object */ = {
			isa = PBXProject;
			attributes = {
				LastSwiftUpdateCheck = 1240;
				LastUpgradeCheck = 1240;
				TargetAttributes = {
					D27CBD0E25DDC7C800BE02E9 = {
						CreatedOnToolsVersion = 12.4;
					};
					D27CBD2725DDC7CB00BE02E9 = {
						CreatedOnToolsVersion = 12.4;
						TestTargetID = D27CBD0E25DDC7C800BE02E9;
					};
					D27CBD3225DDC7CB00BE02E9 = {
						CreatedOnToolsVersion = 12.4;
						TestTargetID = D27CBD0E25DDC7C800BE02E9;
					};
				};
			};
			buildConfigurationList = D27CBD0A25DDC7C800BE02E9 /* Build configuration list for PBXProject "GeoPic" */;
			compatibilityVersion = "Xcode 9.3";
			developmentRegion = en;
			hasScannedForEncodings = 0;
			knownRegions = (
				en,
				Base,
			);
			mainGroup = D27CBD0625DDC7C800BE02E9;
			packageReferences = (
				D27CBD5425DDCA3D00BE02E9 /* XCRemoteSwiftPackageReference "firebase-ios-sdk" */,
				D2BAB0B725E4148400449978 /* XCRemoteSwiftPackageReference "IQKeyboardManager" */,
				D2839DF525E8DEF300F737F3 /* XCRemoteSwiftPackageReference "keychain-swift" */,
			);
			productRefGroup = D27CBD1025DDC7C800BE02E9 /* Products */;
			projectDirPath = "";
			projectRoot = "";
			targets = (
				D27CBD0E25DDC7C800BE02E9 /* GeoPic */,
				D27CBD2725DDC7CB00BE02E9 /* GeoPicTests */,
				D27CBD3225DDC7CB00BE02E9 /* GeoPicUITests */,
			);
		};
/* End PBXProject section */

/* Begin PBXResourcesBuildPhase section */
		D27CBD0D25DDC7C800BE02E9 /* Resources */ = {
			isa = PBXResourcesBuildPhase;
			buildActionMask = 2147483647;
			files = (
				D28791B025F006AE00994863 /* SettingsTableViewCell.xib in Resources */,
				D27CBD2225DDC7CA00BE02E9 /* LaunchScreen.storyboard in Resources */,
				D287919325EF94A600994863 /* Main.storyboard in Resources */,
				D27CBD1F25DDC7CA00BE02E9 /* Assets.xcassets in Resources */,
				55719FA525E6FC1A00390E25 /* GoogleService-Info.plist in Resources */,
				D27CBD6425DDD38B00BE02E9 /* README.md in Resources */,
				D27CBD1A25DDC7C900BE02E9 /* Auth.storyboard in Resources */,
				D28791AB25F006A500994863 /* Settings.storyboard in Resources */,
			);
			runOnlyForDeploymentPostprocessing = 0;
		};
		D27CBD2625DDC7CB00BE02E9 /* Resources */ = {
			isa = PBXResourcesBuildPhase;
			buildActionMask = 2147483647;
			files = (
				55719FA625E6FC1A00390E25 /* GoogleService-Info.plist in Resources */,
			);
			runOnlyForDeploymentPostprocessing = 0;
		};
		D27CBD3125DDC7CB00BE02E9 /* Resources */ = {
			isa = PBXResourcesBuildPhase;
			buildActionMask = 2147483647;
			files = (
				55719FA725E6FC1A00390E25 /* GoogleService-Info.plist in Resources */,
			);
			runOnlyForDeploymentPostprocessing = 0;
		};
/* End PBXResourcesBuildPhase section */

/* Begin PBXSourcesBuildPhase section */
		D27CBD0B25DDC7C800BE02E9 /* Sources */ = {
			isa = PBXSourcesBuildPhase;
			buildActionMask = 2147483647;
			files = (
				D2BAB0B325E411D100449978 /* CreateAccountViewController.swift in Sources */,
				D27CBD1725DDC7C800BE02E9 /* LoginViewController.swift in Sources */,
				D272DD1725FF460D007FED1D /* SettingsChangeViewController.swift in Sources */,
				D2B2E55925FD83DF00119C03 /* AuthenticationDelegate.swift in Sources */,
				D27CBD1325DDC7C800BE02E9 /* AppDelegate.swift in Sources */,
				55719FCF25E8334700390E25 /* PictureViewController.swift in Sources */,
				55719FC525E810F500390E25 /* Pin.swift in Sources */,
				D27CBD1D25DDC7C900BE02E9 /* GeoPic.xcdatamodeld in Sources */,
				D27CBD1525DDC7C800BE02E9 /* SceneDelegate.swift in Sources */,
				55719FB225E70A9B00390E25 /* MainViewController.swift in Sources */,
				D2BAB0C425E4188A00449978 /* Constants.swift in Sources */,
				D28791C325F0074300994863 /* SettingsTableViewCell.swift in Sources */,
				D28791C225F0074300994863 /* SettingsViewController.swift in Sources */,
			);
			runOnlyForDeploymentPostprocessing = 0;
		};
		D27CBD2425DDC7CB00BE02E9 /* Sources */ = {
			isa = PBXSourcesBuildPhase;
			buildActionMask = 2147483647;
			files = (
				55719FC625E810F500390E25 /* Pin.swift in Sources */,
				55719FD325E8334A00390E25 /* PictureViewController.swift in Sources */,
				D27CBD2D25DDC7CB00BE02E9 /* GeoPicTests.swift in Sources */,
				55719FB325E70A9B00390E25 /* MainViewController.swift in Sources */,
			);
			runOnlyForDeploymentPostprocessing = 0;
		};
		D27CBD2F25DDC7CB00BE02E9 /* Sources */ = {
			isa = PBXSourcesBuildPhase;
			buildActionMask = 2147483647;
			files = (
				55719FC725E810F500390E25 /* Pin.swift in Sources */,
				55719FD425E8334A00390E25 /* PictureViewController.swift in Sources */,
				D27CBD3825DDC7CB00BE02E9 /* GeoPicUITests.swift in Sources */,
				55719FB425E70A9B00390E25 /* MainViewController.swift in Sources */,
			);
			runOnlyForDeploymentPostprocessing = 0;
		};
/* End PBXSourcesBuildPhase section */

/* Begin PBXTargetDependency section */
		D27CBD2A25DDC7CB00BE02E9 /* PBXTargetDependency */ = {
			isa = PBXTargetDependency;
			target = D27CBD0E25DDC7C800BE02E9 /* GeoPic */;
			targetProxy = D27CBD2925DDC7CB00BE02E9 /* PBXContainerItemProxy */;
		};
		D27CBD3525DDC7CB00BE02E9 /* PBXTargetDependency */ = {
			isa = PBXTargetDependency;
			target = D27CBD0E25DDC7C800BE02E9 /* GeoPic */;
			targetProxy = D27CBD3425DDC7CB00BE02E9 /* PBXContainerItemProxy */;
		};
/* End PBXTargetDependency section */

/* Begin PBXVariantGroup section */
		D27CBD1825DDC7C900BE02E9 /* Auth.storyboard */ = {
			isa = PBXVariantGroup;
			children = (
				D27CBD1925DDC7C900BE02E9 /* Base */,
			);
			name = Auth.storyboard;
			sourceTree = "<group>";
		};
		D27CBD2025DDC7CA00BE02E9 /* LaunchScreen.storyboard */ = {
			isa = PBXVariantGroup;
			children = (
				D27CBD2125DDC7CA00BE02E9 /* Base */,
			);
			name = LaunchScreen.storyboard;
			sourceTree = "<group>";
		};
		D287919125EF94A600994863 /* Main.storyboard */ = {
			isa = PBXVariantGroup;
			children = (
				D287919225EF94A600994863 /* Base */,
			);
			name = Main.storyboard;
			sourceTree = "<group>";
		};
		D28791A925F006A400994863 /* Settings.storyboard */ = {
			isa = PBXVariantGroup;
			children = (
				D28791AA25F006A400994863 /* Base */,
			);
			name = Settings.storyboard;
			sourceTree = "<group>";
		};
/* End PBXVariantGroup section */

/* Begin XCBuildConfiguration section */
		D27CBD3A25DDC7CB00BE02E9 /* Debug */ = {
			isa = XCBuildConfiguration;
			buildSettings = {
				ALWAYS_SEARCH_USER_PATHS = NO;
				CLANG_ANALYZER_NONNULL = YES;
				CLANG_ANALYZER_NUMBER_OBJECT_CONVERSION = YES_AGGRESSIVE;
				CLANG_CXX_LANGUAGE_STANDARD = "gnu++14";
				CLANG_CXX_LIBRARY = "libc++";
				CLANG_ENABLE_MODULES = YES;
				CLANG_ENABLE_OBJC_ARC = YES;
				CLANG_ENABLE_OBJC_WEAK = YES;
				CLANG_WARN_BLOCK_CAPTURE_AUTORELEASING = YES;
				CLANG_WARN_BOOL_CONVERSION = YES;
				CLANG_WARN_COMMA = YES;
				CLANG_WARN_CONSTANT_CONVERSION = YES;
				CLANG_WARN_DEPRECATED_OBJC_IMPLEMENTATIONS = YES;
				CLANG_WARN_DIRECT_OBJC_ISA_USAGE = YES_ERROR;
				CLANG_WARN_DOCUMENTATION_COMMENTS = YES;
				CLANG_WARN_EMPTY_BODY = YES;
				CLANG_WARN_ENUM_CONVERSION = YES;
				CLANG_WARN_INFINITE_RECURSION = YES;
				CLANG_WARN_INT_CONVERSION = YES;
				CLANG_WARN_NON_LITERAL_NULL_CONVERSION = YES;
				CLANG_WARN_OBJC_IMPLICIT_RETAIN_SELF = YES;
				CLANG_WARN_OBJC_LITERAL_CONVERSION = YES;
				CLANG_WARN_OBJC_ROOT_CLASS = YES_ERROR;
				CLANG_WARN_QUOTED_INCLUDE_IN_FRAMEWORK_HEADER = YES;
				CLANG_WARN_RANGE_LOOP_ANALYSIS = YES;
				CLANG_WARN_STRICT_PROTOTYPES = YES;
				CLANG_WARN_SUSPICIOUS_MOVE = YES;
				CLANG_WARN_UNGUARDED_AVAILABILITY = YES_AGGRESSIVE;
				CLANG_WARN_UNREACHABLE_CODE = YES;
				CLANG_WARN__DUPLICATE_METHOD_MATCH = YES;
				COPY_PHASE_STRIP = NO;
				DEBUG_INFORMATION_FORMAT = dwarf;
				ENABLE_STRICT_OBJC_MSGSEND = YES;
				ENABLE_TESTABILITY = YES;
				GCC_C_LANGUAGE_STANDARD = gnu11;
				GCC_DYNAMIC_NO_PIC = NO;
				GCC_NO_COMMON_BLOCKS = YES;
				GCC_OPTIMIZATION_LEVEL = 0;
				GCC_PREPROCESSOR_DEFINITIONS = (
					"DEBUG=1",
					"$(inherited)",
				);
				GCC_WARN_64_TO_32_BIT_CONVERSION = YES;
				GCC_WARN_ABOUT_RETURN_TYPE = YES_ERROR;
				GCC_WARN_UNDECLARED_SELECTOR = YES;
				GCC_WARN_UNINITIALIZED_AUTOS = YES_AGGRESSIVE;
				GCC_WARN_UNUSED_FUNCTION = YES;
				GCC_WARN_UNUSED_VARIABLE = YES;
				IPHONEOS_DEPLOYMENT_TARGET = 14.4;
				MTL_ENABLE_DEBUG_INFO = INCLUDE_SOURCE;
				MTL_FAST_MATH = YES;
				ONLY_ACTIVE_ARCH = YES;
				SDKROOT = iphoneos;
				SWIFT_ACTIVE_COMPILATION_CONDITIONS = DEBUG;
				SWIFT_OPTIMIZATION_LEVEL = "-Onone";
			};
			name = Debug;
		};
		D27CBD3B25DDC7CB00BE02E9 /* Release */ = {
			isa = XCBuildConfiguration;
			buildSettings = {
				ALWAYS_SEARCH_USER_PATHS = NO;
				CLANG_ANALYZER_NONNULL = YES;
				CLANG_ANALYZER_NUMBER_OBJECT_CONVERSION = YES_AGGRESSIVE;
				CLANG_CXX_LANGUAGE_STANDARD = "gnu++14";
				CLANG_CXX_LIBRARY = "libc++";
				CLANG_ENABLE_MODULES = YES;
				CLANG_ENABLE_OBJC_ARC = YES;
				CLANG_ENABLE_OBJC_WEAK = YES;
				CLANG_WARN_BLOCK_CAPTURE_AUTORELEASING = YES;
				CLANG_WARN_BOOL_CONVERSION = YES;
				CLANG_WARN_COMMA = YES;
				CLANG_WARN_CONSTANT_CONVERSION = YES;
				CLANG_WARN_DEPRECATED_OBJC_IMPLEMENTATIONS = YES;
				CLANG_WARN_DIRECT_OBJC_ISA_USAGE = YES_ERROR;
				CLANG_WARN_DOCUMENTATION_COMMENTS = YES;
				CLANG_WARN_EMPTY_BODY = YES;
				CLANG_WARN_ENUM_CONVERSION = YES;
				CLANG_WARN_INFINITE_RECURSION = YES;
				CLANG_WARN_INT_CONVERSION = YES;
				CLANG_WARN_NON_LITERAL_NULL_CONVERSION = YES;
				CLANG_WARN_OBJC_IMPLICIT_RETAIN_SELF = YES;
				CLANG_WARN_OBJC_LITERAL_CONVERSION = YES;
				CLANG_WARN_OBJC_ROOT_CLASS = YES_ERROR;
				CLANG_WARN_QUOTED_INCLUDE_IN_FRAMEWORK_HEADER = YES;
				CLANG_WARN_RANGE_LOOP_ANALYSIS = YES;
				CLANG_WARN_STRICT_PROTOTYPES = YES;
				CLANG_WARN_SUSPICIOUS_MOVE = YES;
				CLANG_WARN_UNGUARDED_AVAILABILITY = YES_AGGRESSIVE;
				CLANG_WARN_UNREACHABLE_CODE = YES;
				CLANG_WARN__DUPLICATE_METHOD_MATCH = YES;
				COPY_PHASE_STRIP = NO;
				DEBUG_INFORMATION_FORMAT = "dwarf-with-dsym";
				ENABLE_NS_ASSERTIONS = NO;
				ENABLE_STRICT_OBJC_MSGSEND = YES;
				GCC_C_LANGUAGE_STANDARD = gnu11;
				GCC_NO_COMMON_BLOCKS = YES;
				GCC_WARN_64_TO_32_BIT_CONVERSION = YES;
				GCC_WARN_ABOUT_RETURN_TYPE = YES_ERROR;
				GCC_WARN_UNDECLARED_SELECTOR = YES;
				GCC_WARN_UNINITIALIZED_AUTOS = YES_AGGRESSIVE;
				GCC_WARN_UNUSED_FUNCTION = YES;
				GCC_WARN_UNUSED_VARIABLE = YES;
				IPHONEOS_DEPLOYMENT_TARGET = 14.4;
				MTL_ENABLE_DEBUG_INFO = NO;
				MTL_FAST_MATH = YES;
				SDKROOT = iphoneos;
				SWIFT_COMPILATION_MODE = wholemodule;
				SWIFT_OPTIMIZATION_LEVEL = "-O";
				VALIDATE_PRODUCT = YES;
			};
			name = Release;
		};
		D27CBD3D25DDC7CB00BE02E9 /* Debug */ = {
			isa = XCBuildConfiguration;
			buildSettings = {
				ASSETCATALOG_COMPILER_APPICON_NAME = AppIcon;
				ASSETCATALOG_COMPILER_GLOBAL_ACCENT_COLOR_NAME = AccentColor;
				CODE_SIGN_STYLE = Automatic;
				DEVELOPMENT_TEAM = 2JDGUK4DRH;
				INFOPLIST_FILE = GeoPic/Info.plist;
				LD_RUNPATH_SEARCH_PATHS = (
					"$(inherited)",
					"@executable_path/Frameworks",
				);
				PRODUCT_BUNDLE_IDENTIFIER = edu.osu.cse.cse5236.GeoPic;
				PRODUCT_NAME = "$(TARGET_NAME)";
				SWIFT_VERSION = 5.0;
				TARGETED_DEVICE_FAMILY = "1,2";
			};
			name = Debug;
		};
		D27CBD3E25DDC7CB00BE02E9 /* Release */ = {
			isa = XCBuildConfiguration;
			buildSettings = {
				ASSETCATALOG_COMPILER_APPICON_NAME = AppIcon;
				ASSETCATALOG_COMPILER_GLOBAL_ACCENT_COLOR_NAME = AccentColor;
				CODE_SIGN_STYLE = Automatic;
				DEVELOPMENT_TEAM = 2JDGUK4DRH;
				INFOPLIST_FILE = GeoPic/Info.plist;
				LD_RUNPATH_SEARCH_PATHS = (
					"$(inherited)",
					"@executable_path/Frameworks",
				);
				PRODUCT_BUNDLE_IDENTIFIER = edu.osu.cse.cse5236.GeoPic;
				PRODUCT_NAME = "$(TARGET_NAME)";
				SWIFT_VERSION = 5.0;
				TARGETED_DEVICE_FAMILY = "1,2";
			};
			name = Release;
		};
		D27CBD4025DDC7CB00BE02E9 /* Debug */ = {
			isa = XCBuildConfiguration;
			buildSettings = {
				ALWAYS_EMBED_SWIFT_STANDARD_LIBRARIES = YES;
				BUNDLE_LOADER = "$(TEST_HOST)";
				CODE_SIGN_STYLE = Automatic;
				DEVELOPMENT_TEAM = 2JDGUK4DRH;
				INFOPLIST_FILE = GeoPicTests/Info.plist;
				IPHONEOS_DEPLOYMENT_TARGET = 14.4;
				LD_RUNPATH_SEARCH_PATHS = (
					"$(inherited)",
					"@executable_path/Frameworks",
					"@loader_path/Frameworks",
				);
				PRODUCT_BUNDLE_IDENTIFIER = edu.osu.cse.cse5236.GeoPicTests;
				PRODUCT_NAME = "$(TARGET_NAME)";
				SWIFT_VERSION = 5.0;
				TARGETED_DEVICE_FAMILY = "1,2";
				TEST_HOST = "$(BUILT_PRODUCTS_DIR)/GeoPic.app/GeoPic";
			};
			name = Debug;
		};
		D27CBD4125DDC7CB00BE02E9 /* Release */ = {
			isa = XCBuildConfiguration;
			buildSettings = {
				ALWAYS_EMBED_SWIFT_STANDARD_LIBRARIES = YES;
				BUNDLE_LOADER = "$(TEST_HOST)";
				CODE_SIGN_STYLE = Automatic;
				DEVELOPMENT_TEAM = 2JDGUK4DRH;
				INFOPLIST_FILE = GeoPicTests/Info.plist;
				IPHONEOS_DEPLOYMENT_TARGET = 14.4;
				LD_RUNPATH_SEARCH_PATHS = (
					"$(inherited)",
					"@executable_path/Frameworks",
					"@loader_path/Frameworks",
				);
				PRODUCT_BUNDLE_IDENTIFIER = edu.osu.cse.cse5236.GeoPicTests;
				PRODUCT_NAME = "$(TARGET_NAME)";
				SWIFT_VERSION = 5.0;
				TARGETED_DEVICE_FAMILY = "1,2";
				TEST_HOST = "$(BUILT_PRODUCTS_DIR)/GeoPic.app/GeoPic";
			};
			name = Release;
		};
		D27CBD4325DDC7CB00BE02E9 /* Debug */ = {
			isa = XCBuildConfiguration;
			buildSettings = {
				ALWAYS_EMBED_SWIFT_STANDARD_LIBRARIES = YES;
				CODE_SIGN_STYLE = Automatic;
				DEVELOPMENT_TEAM = 2JDGUK4DRH;
				INFOPLIST_FILE = GeoPicUITests/Info.plist;
				LD_RUNPATH_SEARCH_PATHS = (
					"$(inherited)",
					"@executable_path/Frameworks",
					"@loader_path/Frameworks",
				);
				PRODUCT_BUNDLE_IDENTIFIER = edu.osu.cse.cse5236.GeoPicUITests;
				PRODUCT_NAME = "$(TARGET_NAME)";
				SWIFT_VERSION = 5.0;
				TARGETED_DEVICE_FAMILY = "1,2";
				TEST_TARGET_NAME = GeoPic;
			};
			name = Debug;
		};
		D27CBD4425DDC7CB00BE02E9 /* Release */ = {
			isa = XCBuildConfiguration;
			buildSettings = {
				ALWAYS_EMBED_SWIFT_STANDARD_LIBRARIES = YES;
				CODE_SIGN_STYLE = Automatic;
				DEVELOPMENT_TEAM = 2JDGUK4DRH;
				INFOPLIST_FILE = GeoPicUITests/Info.plist;
				LD_RUNPATH_SEARCH_PATHS = (
					"$(inherited)",
					"@executable_path/Frameworks",
					"@loader_path/Frameworks",
				);
				PRODUCT_BUNDLE_IDENTIFIER = edu.osu.cse.cse5236.GeoPicUITests;
				PRODUCT_NAME = "$(TARGET_NAME)";
				SWIFT_VERSION = 5.0;
				TARGETED_DEVICE_FAMILY = "1,2";
				TEST_TARGET_NAME = GeoPic;
			};
			name = Release;
		};
/* End XCBuildConfiguration section */

/* Begin XCConfigurationList section */
		D27CBD0A25DDC7C800BE02E9 /* Build configuration list for PBXProject "GeoPic" */ = {
			isa = XCConfigurationList;
			buildConfigurations = (
				D27CBD3A25DDC7CB00BE02E9 /* Debug */,
				D27CBD3B25DDC7CB00BE02E9 /* Release */,
			);
			defaultConfigurationIsVisible = 0;
			defaultConfigurationName = Release;
		};
		D27CBD3C25DDC7CB00BE02E9 /* Build configuration list for PBXNativeTarget "GeoPic" */ = {
			isa = XCConfigurationList;
			buildConfigurations = (
				D27CBD3D25DDC7CB00BE02E9 /* Debug */,
				D27CBD3E25DDC7CB00BE02E9 /* Release */,
			);
			defaultConfigurationIsVisible = 0;
			defaultConfigurationName = Release;
		};
		D27CBD3F25DDC7CB00BE02E9 /* Build configuration list for PBXNativeTarget "GeoPicTests" */ = {
			isa = XCConfigurationList;
			buildConfigurations = (
				D27CBD4025DDC7CB00BE02E9 /* Debug */,
				D27CBD4125DDC7CB00BE02E9 /* Release */,
			);
			defaultConfigurationIsVisible = 0;
			defaultConfigurationName = Release;
		};
		D27CBD4225DDC7CB00BE02E9 /* Build configuration list for PBXNativeTarget "GeoPicUITests" */ = {
			isa = XCConfigurationList;
			buildConfigurations = (
				D27CBD4325DDC7CB00BE02E9 /* Debug */,
				D27CBD4425DDC7CB00BE02E9 /* Release */,
			);
			defaultConfigurationIsVisible = 0;
			defaultConfigurationName = Release;
		};
/* End XCConfigurationList section */

/* Begin XCRemoteSwiftPackageReference section */
		D27CBD5425DDCA3D00BE02E9 /* XCRemoteSwiftPackageReference "firebase-ios-sdk" */ = {
			isa = XCRemoteSwiftPackageReference;
			repositoryURL = "https://github.com/firebase/firebase-ios-sdk.git";
			requirement = {
				kind = upToNextMajorVersion;
				minimumVersion = 7.6.0;
			};
		};
		D2839DF525E8DEF300F737F3 /* XCRemoteSwiftPackageReference "keychain-swift" */ = {
			isa = XCRemoteSwiftPackageReference;
			repositoryURL = "https://github.com/evgenyneu/keychain-swift.git";
			requirement = {
				kind = upToNextMajorVersion;
				minimumVersion = 19.0.0;
			};
		};
		D2BAB0B725E4148400449978 /* XCRemoteSwiftPackageReference "IQKeyboardManager" */ = {
			isa = XCRemoteSwiftPackageReference;
			repositoryURL = "https://github.com/hackiftekhar/IQKeyboardManager.git";
			requirement = {
				kind = upToNextMajorVersion;
				minimumVersion = 6.5.6;
			};
		};
/* End XCRemoteSwiftPackageReference section */

/* Begin XCSwiftPackageProductDependency section */
		D27CBD5525DDCA3D00BE02E9 /* FirebaseStorage */ = {
			isa = XCSwiftPackageProductDependency;
			package = D27CBD5425DDCA3D00BE02E9 /* XCRemoteSwiftPackageReference "firebase-ios-sdk" */;
			productName = FirebaseStorage;
		};
		D27CBD5725DDCA3D00BE02E9 /* FirebaseAuth */ = {
			isa = XCSwiftPackageProductDependency;
			package = D27CBD5425DDCA3D00BE02E9 /* XCRemoteSwiftPackageReference "firebase-ios-sdk" */;
			productName = FirebaseAuth;
		};
		D27CBD5925DDCA3D00BE02E9 /* FirebaseFirestore */ = {
			isa = XCSwiftPackageProductDependency;
			package = D27CBD5425DDCA3D00BE02E9 /* XCRemoteSwiftPackageReference "firebase-ios-sdk" */;
			productName = FirebaseFirestore;
		};
		D27CBD5B25DDCA3D00BE02E9 /* FirebaseDatabase */ = {
			isa = XCSwiftPackageProductDependency;
			package = D27CBD5425DDCA3D00BE02E9 /* XCRemoteSwiftPackageReference "firebase-ios-sdk" */;
			productName = FirebaseDatabase;
		};
		D2839DF625E8DEF300F737F3 /* KeychainSwift */ = {
			isa = XCSwiftPackageProductDependency;
			package = D2839DF525E8DEF300F737F3 /* XCRemoteSwiftPackageReference "keychain-swift" */;
			productName = KeychainSwift;
		};
		D2BAB0B825E4148400449978 /* IQKeyboardManagerSwift */ = {
			isa = XCSwiftPackageProductDependency;
			package = D2BAB0B725E4148400449978 /* XCRemoteSwiftPackageReference "IQKeyboardManager" */;
			productName = IQKeyboardManagerSwift;
		};
/* End XCSwiftPackageProductDependency section */

/* Begin XCVersionGroup section */
		D27CBD1B25DDC7C900BE02E9 /* GeoPic.xcdatamodeld */ = {
			isa = XCVersionGroup;
			children = (
				D27CBD1C25DDC7C900BE02E9 /* GeoPic.xcdatamodel */,
			);
			currentVersion = D27CBD1C25DDC7C900BE02E9 /* GeoPic.xcdatamodel */;
			path = GeoPic.xcdatamodeld;
			sourceTree = "<group>";
			versionGroupType = wrapper.xcdatamodel;
		};
/* End XCVersionGroup section */
	};
	rootObject = D27CBD0725DDC7C800BE02E9 /* Project object */;
}
